
Microsoft Visual Studio Solution File, Format Version 12.00
# Visual Studio 15
VisualStudioVersion = 15.0.28010.2036
MinimumVisualStudioVersion = 10.0.40219.1
Project("{FAE04EC0-301F-11D3-BF4B-00C04F79EFBC}") = "BaseNumberConversion", "BaseNumberConversion\BaseNumberConversion.csproj", "{0C968BCA-60C8-4509-AA28-179621A0CD91}"
EndProject
Global
	GlobalSection(SolutionConfigurationPlatforms) = preSolution
		Debug|Any CPU = Debug|Any CPU
		Release|Any CPU = Release|Any CPU
	EndGlobalSection
	GlobalSection(ProjectConfigurationPlatforms) = postSolution
		{0C968BCA-60C8-4509-AA28-179621A0CD91}.Debug|Any CPU.ActiveCfg = Debug|Any CPU
		{0C968BCA-60C8-4509-AA28-179621A0CD91}.Debug|Any CPU.Build.0 = Debug|Any CPU
		{0C968BCA-60C8-4509-AA28-179621A0CD91}.Release|Any CPU.ActiveCfg = Release|Any CPU
		{0C968BCA-60C8-4509-AA28-179621A0CD91}.Release|Any CPU.Build.0 = Release|Any CPU
	EndGlobalSection
	GlobalSection(SolutionProperties) = preSolution
		HideSolutionNode = FALSE
	EndGlobalSection
	GlobalSection(ExtensibilityGlobals) = postSolution
		SolutionGuid = {4089CD9B-EADD-454B-91B0-D0F727CA9E3D}
	EndGlobalSection
EndGlobal
