
Microsoft Visual Studio Solution File, Format Version 12.00
# Visual Studio 15
VisualStudioVersion = 15.0.28010.2036
MinimumVisualStudioVersion = 10.0.40219.1
Project("{FAE04EC0-301F-11D3-BF4B-00C04F79EFBC}") = "GuessMyNumberPat3", "GuessMyNumberPat3\GuessMyNumberPat3.csproj", "{D43EFCF6-EF79-4084-8DFF-CC63E50E80D8}"
EndProject
Global
	GlobalSection(SolutionConfigurationPlatforms) = preSolution
		Debug|Any CPU = Debug|Any CPU
		Release|Any CPU = Release|Any CPU
	EndGlobalSection
	GlobalSection(ProjectConfigurationPlatforms) = postSolution
		{D43EFCF6-EF79-4084-8DFF-CC63E50E80D8}.Debug|Any CPU.ActiveCfg = Debug|Any CPU
		{D43EFCF6-EF79-4084-8DFF-CC63E50E80D8}.Debug|Any CPU.Build.0 = Debug|Any CPU
		{D43EFCF6-EF79-4084-8DFF-CC63E50E80D8}.Release|Any CPU.ActiveCfg = Release|Any CPU
		{D43EFCF6-EF79-4084-8DFF-CC63E50E80D8}.Release|Any CPU.Build.0 = Release|Any CPU
	EndGlobalSection
	GlobalSection(SolutionProperties) = preSolution
		HideSolutionNode = FALSE
	EndGlobalSection
	GlobalSection(ExtensibilityGlobals) = postSolution
		SolutionGuid = {86B08404-2850-44F9-B5DC-6CCA90365B46}
	EndGlobalSection
EndGlobal
