
Microsoft Visual Studio Solution File, Format Version 12.00
# Visual Studio 15
VisualStudioVersion = 15.0.28010.2036
MinimumVisualStudioVersion = 10.0.40219.1
Project("{FAE04EC0-301F-11D3-BF4B-00C04F79EFBC}") = "ConsoleApp5", "ConsoleApp5\ConsoleApp5.csproj", "{AE3A8A6B-8E4D-4D06-BDBE-50DF9B76EF5C}"
EndProject
Global
	GlobalSection(SolutionConfigurationPlatforms) = preSolution
		Debug|Any CPU = Debug|Any CPU
		Release|Any CPU = Release|Any CPU
	EndGlobalSection
	GlobalSection(ProjectConfigurationPlatforms) = postSolution
		{AE3A8A6B-8E4D-4D06-BDBE-50DF9B76EF5C}.Debug|Any CPU.ActiveCfg = Debug|Any CPU
		{AE3A8A6B-8E4D-4D06-BDBE-50DF9B76EF5C}.Debug|Any CPU.Build.0 = Debug|Any CPU
		{AE3A8A6B-8E4D-4D06-BDBE-50DF9B76EF5C}.Release|Any CPU.ActiveCfg = Release|Any CPU
		{AE3A8A6B-8E4D-4D06-BDBE-50DF9B76EF5C}.Release|Any CPU.Build.0 = Release|Any CPU
	EndGlobalSection
	GlobalSection(SolutionProperties) = preSolution
		HideSolutionNode = FALSE
	EndGlobalSection
	GlobalSection(ExtensibilityGlobals) = postSolution
		SolutionGuid = {4CF5D382-DE8E-4FDA-802A-117929AAD71C}
	EndGlobalSection
EndGlobal
