
Microsoft Visual Studio Solution File, Format Version 12.00
# Visual Studio 15
VisualStudioVersion = 15.0.28010.2036
MinimumVisualStudioVersion = 10.0.40219.1
Project("{FAE04EC0-301F-11D3-BF4B-00C04F79EFBC}") = "StudyGuide", "StudyGuide\StudyGuide.csproj", "{1D8718B3-8817-474C-B71B-D4263BBF437F}"
EndProject
Project("{FAE04EC0-301F-11D3-BF4B-00C04F79EFBC}") = "StudyGuide.Tests", "StudyGuide.Tests\StudyGuide.Tests.csproj", "{3B5B6020-B0B1-4208-A88A-1B177A3443F1}"
EndProject
Global
	GlobalSection(SolutionConfigurationPlatforms) = preSolution
		Debug|Any CPU = Debug|Any CPU
		Release|Any CPU = Release|Any CPU
	EndGlobalSection
	GlobalSection(ProjectConfigurationPlatforms) = postSolution
		{1D8718B3-8817-474C-B71B-D4263BBF437F}.Debug|Any CPU.ActiveCfg = Debug|Any CPU
		{1D8718B3-8817-474C-B71B-D4263BBF437F}.Debug|Any CPU.Build.0 = Debug|Any CPU
		{1D8718B3-8817-474C-B71B-D4263BBF437F}.Release|Any CPU.ActiveCfg = Release|Any CPU
		{1D8718B3-8817-474C-B71B-D4263BBF437F}.Release|Any CPU.Build.0 = Release|Any CPU
		{3B5B6020-B0B1-4208-A88A-1B177A3443F1}.Debug|Any CPU.ActiveCfg = Debug|Any CPU
		{3B5B6020-B0B1-4208-A88A-1B177A3443F1}.Debug|Any CPU.Build.0 = Debug|Any CPU
		{3B5B6020-B0B1-4208-A88A-1B177A3443F1}.Release|Any CPU.ActiveCfg = Release|Any CPU
		{3B5B6020-B0B1-4208-A88A-1B177A3443F1}.Release|Any CPU.Build.0 = Release|Any CPU
	EndGlobalSection
	GlobalSection(SolutionProperties) = preSolution
		HideSolutionNode = FALSE
	EndGlobalSection
	GlobalSection(ExtensibilityGlobals) = postSolution
		SolutionGuid = {C4D748B0-10B5-4F3F-8099-E4F4A234DBCB}
	EndGlobalSection
EndGlobal
