
Microsoft Visual Studio Solution File, Format Version 12.00
# Visual Studio 15
VisualStudioVersion = 15.0.28010.2036
MinimumVisualStudioVersion = 10.0.40219.1
Project("{FAE04EC0-301F-11D3-BF4B-00C04F79EFBC}") = "VectorDistanceCalculation", "VectorDistanceCalculation\VectorDistanceCalculation.csproj", "{7629555C-8BD2-4A3C-B7E2-659C7BC6C4AF}"
EndProject
Global
	GlobalSection(SolutionConfigurationPlatforms) = preSolution
		Debug|Any CPU = Debug|Any CPU
		Release|Any CPU = Release|Any CPU
	EndGlobalSection
	GlobalSection(ProjectConfigurationPlatforms) = postSolution
		{7629555C-8BD2-4A3C-B7E2-659C7BC6C4AF}.Debug|Any CPU.ActiveCfg = Debug|Any CPU
		{7629555C-8BD2-4A3C-B7E2-659C7BC6C4AF}.Debug|Any CPU.Build.0 = Debug|Any CPU
		{7629555C-8BD2-4A3C-B7E2-659C7BC6C4AF}.Release|Any CPU.ActiveCfg = Release|Any CPU
		{7629555C-8BD2-4A3C-B7E2-659C7BC6C4AF}.Release|Any CPU.Build.0 = Release|Any CPU
	EndGlobalSection
	GlobalSection(SolutionProperties) = preSolution
		HideSolutionNode = FALSE
	EndGlobalSection
	GlobalSection(ExtensibilityGlobals) = postSolution
		SolutionGuid = {D87B9A13-7D68-458F-98CB-643F68EA3AE6}
	EndGlobalSection
EndGlobal
