
Microsoft Visual Studio Solution File, Format Version 12.00
# Visual Studio 15
VisualStudioVersion = 15.0.28010.2036
MinimumVisualStudioVersion = 10.0.40219.1
Project("{FAE04EC0-301F-11D3-BF4B-00C04F79EFBC}") = "PasswordHashingandAuthenticationPart2", "PasswordHashingandAuthenticationPart2\PasswordHashingandAuthenticationPart2.csproj", "{12C29145-B222-46A8-8321-B9DE59F717A0}"
EndProject
Global
	GlobalSection(SolutionConfigurationPlatforms) = preSolution
		Debug|Any CPU = Debug|Any CPU
		Release|Any CPU = Release|Any CPU
	EndGlobalSection
	GlobalSection(ProjectConfigurationPlatforms) = postSolution
		{12C29145-B222-46A8-8321-B9DE59F717A0}.Debug|Any CPU.ActiveCfg = Debug|Any CPU
		{12C29145-B222-46A8-8321-B9DE59F717A0}.Debug|Any CPU.Build.0 = Debug|Any CPU
		{12C29145-B222-46A8-8321-B9DE59F717A0}.Release|Any CPU.ActiveCfg = Release|Any CPU
		{12C29145-B222-46A8-8321-B9DE59F717A0}.Release|Any CPU.Build.0 = Release|Any CPU
	EndGlobalSection
	GlobalSection(SolutionProperties) = preSolution
		HideSolutionNode = FALSE
	EndGlobalSection
	GlobalSection(ExtensibilityGlobals) = postSolution
		SolutionGuid = {FB3966FB-0DD2-48E5-AD74-7140E426D806}
	EndGlobalSection
EndGlobal
