
Microsoft Visual Studio Solution File, Format Version 12.00
# Visual Studio 15
Project("{FAE04EC0-301F-11D3-BF4B-00C04F79EFBC}") = "RPG 1", "RPG 1.csproj", "{F71AF4F5-9069-3A3D-6B37-CF3E7526B86D}"
EndProject
Global
	GlobalSection(SolutionConfigurationPlatforms) = preSolution
		Debug|Any CPU = Debug|Any CPU
		Release|Any CPU = Release|Any CPU
	EndGlobalSection
	GlobalSection(ProjectConfigurationPlatforms) = postSolution
		{F71AF4F5-9069-3A3D-6B37-CF3E7526B86D}.Debug|Any CPU.ActiveCfg = Debug|Any CPU
		{F71AF4F5-9069-3A3D-6B37-CF3E7526B86D}.Debug|Any CPU.Build.0 = Debug|Any CPU
		{F71AF4F5-9069-3A3D-6B37-CF3E7526B86D}.Release|Any CPU.ActiveCfg = Release|Any CPU
		{F71AF4F5-9069-3A3D-6B37-CF3E7526B86D}.Release|Any CPU.Build.0 = Release|Any CPU
	EndGlobalSection
	GlobalSection(SolutionProperties) = preSolution
		HideSolutionNode = FALSE
	EndGlobalSection
EndGlobal
