
Microsoft Visual Studio Solution File, Format Version 12.00
# Visual Studio 15
VisualStudioVersion = 15.0.28010.2036
MinimumVisualStudioVersion = 10.0.40219.1
Project("{FAE04EC0-301F-11D3-BF4B-00C04F79EFBC}") = "ConsoleApp4", "ConsoleApp4\ConsoleApp4.csproj", "{569726BE-4BF0-4745-99F1-1C27E138B95D}"
EndProject
Global
	GlobalSection(SolutionConfigurationPlatforms) = preSolution
		Debug|Any CPU = Debug|Any CPU
		Release|Any CPU = Release|Any CPU
	EndGlobalSection
	GlobalSection(ProjectConfigurationPlatforms) = postSolution
		{569726BE-4BF0-4745-99F1-1C27E138B95D}.Debug|Any CPU.ActiveCfg = Debug|Any CPU
		{569726BE-4BF0-4745-99F1-1C27E138B95D}.Debug|Any CPU.Build.0 = Debug|Any CPU
		{569726BE-4BF0-4745-99F1-1C27E138B95D}.Release|Any CPU.ActiveCfg = Release|Any CPU
		{569726BE-4BF0-4745-99F1-1C27E138B95D}.Release|Any CPU.Build.0 = Release|Any CPU
	EndGlobalSection
	GlobalSection(SolutionProperties) = preSolution
		HideSolutionNode = FALSE
	EndGlobalSection
	GlobalSection(ExtensibilityGlobals) = postSolution
		SolutionGuid = {1FF0F3FF-CA4F-4402-A2D1-2418DB23925E}
	EndGlobalSection
EndGlobal
